
Microsoft Visual Studio Solution File, Format Version 12.00
# Visual Studio Version 16
VisualStudioVersion = 16.0.31702.278
MinimumVisualStudioVersion = 10.0.40219.1
Project("{9A19103F-16F7-4668-BE54-9A1E7A4F7556}") = "JSDemo1", "JSDemo1\JSDemo1.csproj", "{4FE29072-F9D7-4E34-8AD6-DE2D6B88AC45}"
EndProject
Project("{FAE04EC0-301F-11D3-BF4B-00C04F79EFBC}") = "Lab131", "Lab131\Lab131.csproj", "{B5105951-4E48-478B-B7C6-DCBEF5226616}"
EndProject
Global
	GlobalSection(SolutionConfigurationPlatforms) = preSolution
		Debug|Any CPU = Debug|Any CPU
		Release|Any CPU = Release|Any CPU
	EndGlobalSection
	GlobalSection(ProjectConfigurationPlatforms) = postSolution
		{4FE29072-F9D7-4E34-8AD6-DE2D6B88AC45}.Debug|Any CPU.ActiveCfg = Debug|Any CPU
		{4FE29072-F9D7-4E34-8AD6-DE2D6B88AC45}.Debug|Any CPU.Build.0 = Debug|Any CPU
		{4FE29072-F9D7-4E34-8AD6-DE2D6B88AC45}.Release|Any CPU.ActiveCfg = Release|Any CPU
		{4FE29072-F9D7-4E34-8AD6-DE2D6B88AC45}.Release|Any CPU.Build.0 = Release|Any CPU
		{B5105951-4E48-478B-B7C6-DCBEF5226616}.Debug|Any CPU.ActiveCfg = Debug|Any CPU
		{B5105951-4E48-478B-B7C6-DCBEF5226616}.Debug|Any CPU.Build.0 = Debug|Any CPU
		{B5105951-4E48-478B-B7C6-DCBEF5226616}.Release|Any CPU.ActiveCfg = Release|Any CPU
		{B5105951-4E48-478B-B7C6-DCBEF5226616}.Release|Any CPU.Build.0 = Release|Any CPU
	EndGlobalSection
	GlobalSection(SolutionProperties) = preSolution
		HideSolutionNode = FALSE
	EndGlobalSection
	GlobalSection(ExtensibilityGlobals) = postSolution
		SolutionGuid = {5FC73B58-8BF3-4DD9-BFA6-94C91EFE5738}
	EndGlobalSection
EndGlobal
